// !$*UTF8*$!
{
	archiveVersion = 1;
	classes = {
	};
	objectVersion = 56;
	objects = {

/* Begin PBXBuildFile section */
		2917C2BB2B8FEC480013D588 /* DetailsView.swift in Sources */ = {isa = PBXBuildFile; fileRef = 2917C2BA2B8FEC480013D588 /* DetailsView.swift */; };
		2917C2BD2B8FEC660013D588 /* DetailsViewController.swift in Sources */ = {isa = PBXBuildFile; fileRef = 2917C2BC2B8FEC660013D588 /* DetailsViewController.swift */; };
		291D73F12B9F938F002B1C8D /* MoviesViewRepresentable.swift in Sources */ = {isa = PBXBuildFile; fileRef = 291D73F02B9F938F002B1C8D /* MoviesViewRepresentable.swift */; };
		291D73F42B9F9A0C002B1C8D /* MoviesListAdapterProtocol.swift in Sources */ = {isa = PBXBuildFile; fileRef = 291D73F32B9F9A0C002B1C8D /* MoviesListAdapterProtocol.swift */; };
		291D73F62B9F9B3E002B1C8D /* FavoritesListAdapter.swift in Sources */ = {isa = PBXBuildFile; fileRef = 291D73F52B9F9B3E002B1C8D /* FavoritesListAdapter.swift */; };
		291D74012B9FABAE002B1C8D /* SearchMoviesAdapterProtocol.swift in Sources */ = {isa = PBXBuildFile; fileRef = 291D74002B9FABAE002B1C8D /* SearchMoviesAdapterProtocol.swift */; };
		291D74062B9FB2E8002B1C8D /* searchMovieByMovieName.swift in Sources */ = {isa = PBXBuildFile; fileRef = 291D74052B9FB2E8002B1C8D /* searchMovieByMovieName.swift */; };
		291D74082B9FBBEE002B1C8D /* SearchMovieByYearAdapter.swift in Sources */ = {isa = PBXBuildFile; fileRef = 291D74072B9FBBEE002B1C8D /* SearchMovieByYearAdapter.swift */; };
		2927DBB62B8D2B7800C105A1 /* Alamofire in Frameworks */ = {isa = PBXBuildFile; productRef = 2927DBB52B8D2B7800C105A1 /* Alamofire */; };
		2927DBB92B8D30A700C105A1 /* MoviesModel.swift in Sources */ = {isa = PBXBuildFile; fileRef = 2927DBB82B8D30A700C105A1 /* MoviesModel.swift */; };
		2927DBBC2B8D316900C105A1 /* MoviesWebService.swift in Sources */ = {isa = PBXBuildFile; fileRef = 2927DBBB2B8D316900C105A1 /* MoviesWebService.swift */; };
		2927DBC32B8E23CE00C105A1 /* MoviesListAdapter.swift in Sources */ = {isa = PBXBuildFile; fileRef = 2927DBC22B8E23CE00C105A1 /* MoviesListAdapter.swift */; };
		2940BE8A2BA33B4A009D7FDD /* StarsRank.swift in Sources */ = {isa = PBXBuildFile; fileRef = 2940BE892BA33B4A009D7FDD /* StarsRank.swift */; };
		2949A8362B59FE800087FEF1 /* AppDelegate.swift in Sources */ = {isa = PBXBuildFile; fileRef = 2949A8352B59FE800087FEF1 /* AppDelegate.swift */; };
		2949A8382B59FE800087FEF1 /* SceneDelegate.swift in Sources */ = {isa = PBXBuildFile; fileRef = 2949A8372B59FE800087FEF1 /* SceneDelegate.swift */; };
		2949A83F2B59FE820087FEF1 /* Assets.xcassets in Resources */ = {isa = PBXBuildFile; fileRef = 2949A83E2B59FE820087FEF1 /* Assets.xcassets */; };
		2949A8422B59FE820087FEF1 /* LaunchScreen.storyboard in Resources */ = {isa = PBXBuildFile; fileRef = 2949A8402B59FE820087FEF1 /* LaunchScreen.storyboard */; };
		2949A8532B5AB9AA0087FEF1 /* LoginView.swift in Sources */ = {isa = PBXBuildFile; fileRef = 2949A8522B5AB9AA0087FEF1 /* LoginView.swift */; };
		2949A8552B5AB9BD0087FEF1 /* LoginViewController.swift in Sources */ = {isa = PBXBuildFile; fileRef = 2949A8542B5AB9BD0087FEF1 /* LoginViewController.swift */; };
		296299972BB244F9002A6804 /* ErrorCollectionViewCell.xib in Resources */ = {isa = PBXBuildFile; fileRef = 296299962BB244F9002A6804 /* ErrorCollectionViewCell.xib */; };
		2962999B2BB24516002A6804 /* MoviesCollectionViewCell.xib in Resources */ = {isa = PBXBuildFile; fileRef = 2962999A2BB24516002A6804 /* MoviesCollectionViewCell.xib */; };
		2962999F2BB24537002A6804 /* Main.storyboard in Resources */ = {isa = PBXBuildFile; fileRef = 2962999E2BB24537002A6804 /* Main.storyboard */; };
		296299A32BB24805002A6804 /* FavoritesCollectionViewCell.xib in Resources */ = {isa = PBXBuildFile; fileRef = 296299A22BB24805002A6804 /* FavoritesCollectionViewCell.xib */; };
		296299AE2BB24A8E002A6804 /* Localizable.strings in Resources */ = {isa = PBXBuildFile; fileRef = 296299AD2BB24A8E002A6804 /* Localizable.strings */; };
		296299B12BB31B03002A6804 /* VideoModel.swift in Sources */ = {isa = PBXBuildFile; fileRef = 296299B02BB31B03002A6804 /* VideoModel.swift */; };
		296299B32BB471B6002A6804 /* StringsLocalizable.swift in Sources */ = {isa = PBXBuildFile; fileRef = 296299B22BB471B6002A6804 /* StringsLocalizable.swift */; };
		296384A42BAB8EC400E75CAD /* UserTest.swift in Sources */ = {isa = PBXBuildFile; fileRef = 296384A32BAB8EC400E75CAD /* UserTest.swift */; };
		296384A72BAC592400E75CAD /* MoviesStrategy.swift in Sources */ = {isa = PBXBuildFile; fileRef = 296384A62BAC592400E75CAD /* MoviesStrategy.swift */; };
		296384A92BAC5A5500E75CAD /* LocalMoviesStategyCD.swift in Sources */ = {isa = PBXBuildFile; fileRef = 296384A82BAC5A5500E75CAD /* LocalMoviesStategyCD.swift */; };
		296384AB2BAC5A8000E75CAD /* ApiMoviesStrategy.swift in Sources */ = {isa = PBXBuildFile; fileRef = 296384AA2BAC5A8000E75CAD /* ApiMoviesStrategy.swift */; };
		296384AE2BAC6B7800E75CAD /* MoviesEntity+CoreDataClass.swift in Sources */ = {isa = PBXBuildFile; fileRef = 296384AC2BAC6B7800E75CAD /* MoviesEntity+CoreDataClass.swift */; };
		296384AF2BAC6B7800E75CAD /* MoviesEntity+CoreDataProperties.swift in Sources */ = {isa = PBXBuildFile; fileRef = 296384AD2BAC6B7800E75CAD /* MoviesEntity+CoreDataProperties.swift */; };
		296C072F2BA08CA2006A6348 /* TabBarNavigationController.swift in Sources */ = {isa = PBXBuildFile; fileRef = 296C072E2BA08CA2006A6348 /* TabBarNavigationController.swift */; };
		29841C702BBB323E00F96ECB /* ButtonComponent.swift in Sources */ = {isa = PBXBuildFile; fileRef = 29841C6F2BBB323E00F96ECB /* ButtonComponent.swift */; };
		29841C722BBB5DF000F96ECB /* PosterCarouselView.swift in Sources */ = {isa = PBXBuildFile; fileRef = 29841C712BBB5DF000F96ECB /* PosterCarouselView.swift */; };
		299550D12B5FE82A000F1D51 /* GetStartedView.swift in Sources */ = {isa = PBXBuildFile; fileRef = 299550D02B5FE82A000F1D51 /* GetStartedView.swift */; };
		299550D32B5FE845000F1D51 /* GetStartedViewController.swift in Sources */ = {isa = PBXBuildFile; fileRef = 299550D22B5FE845000F1D51 /* GetStartedViewController.swift */; };
		29A8BA262B6017F700238C97 /* RegisterView.swift in Sources */ = {isa = PBXBuildFile; fileRef = 29A8BA252B6017F700238C97 /* RegisterView.swift */; };
		29A8BA282B60180A00238C97 /* RegisterViewController.swift in Sources */ = {isa = PBXBuildFile; fileRef = 29A8BA272B60180A00238C97 /* RegisterViewController.swift */; };
		29B02D932B71652B000DA55C /* KeyboardManager(facade).swift in Sources */ = {isa = PBXBuildFile; fileRef = 29B02D922B71652B000DA55C /* KeyboardManager(facade).swift */; };
		29BE4C9D2BB87BE400FCE31C /* LoginManager.swift in Sources */ = {isa = PBXBuildFile; fileRef = 29BE4C9C2BB87BE400FCE31C /* LoginManager.swift */; };
		29C6C02C2BA5E6F100182E32 /* LoginStrategy.swift in Sources */ = {isa = PBXBuildFile; fileRef = 29C6C02B2BA5E6F100182E32 /* LoginStrategy.swift */; };
		29C6C02E2BA5E72400182E32 /* ShortLoginStrategy.swift in Sources */ = {isa = PBXBuildFile; fileRef = 29C6C02D2BA5E72400182E32 /* ShortLoginStrategy.swift */; };
		29C6C0302BA5E73E00182E32 /* FullLoginStrategy.swift in Sources */ = {isa = PBXBuildFile; fileRef = 29C6C02F2BA5E73E00182E32 /* FullLoginStrategy.swift */; };
		29C6C0322BA5E7A300182E32 /* LoginAdapter.swift in Sources */ = {isa = PBXBuildFile; fileRef = 29C6C0312BA5E7A300182E32 /* LoginAdapter.swift */; };
		29C6C03A2BA614FE00182E32 /* ShortLoginViewController.swift in Sources */ = {isa = PBXBuildFile; fileRef = 29C6C0392BA614FE00182E32 /* ShortLoginViewController.swift */; };
		29C6C03C2BA775B600182E32 /* ImageView.swift in Sources */ = {isa = PBXBuildFile; fileRef = 29C6C03B2BA775B600182E32 /* ImageView.swift */; };
		29CA891F2B92663A0043AF1D /* DetailsModel.swift in Sources */ = {isa = PBXBuildFile; fileRef = 29CA891E2B92663A0043AF1D /* DetailsModel.swift */; };
		29DB04682BAB379D009D1F8E /* MoviesView.swift in Sources */ = {isa = PBXBuildFile; fileRef = 29DB04672BAB379D009D1F8E /* MoviesView.swift */; };
		29DB046B2BAB3803009D1F8E /* MoviesCollectionViewCell.swift in Sources */ = {isa = PBXBuildFile; fileRef = 29DB04692BAB3803009D1F8E /* MoviesCollectionViewCell.swift */; };
		29DB046F2BAB381D009D1F8E /* MoviesViewController.swift in Sources */ = {isa = PBXBuildFile; fileRef = 29DB046D2BAB381C009D1F8E /* MoviesViewController.swift */; };
		29DB04702BAB381D009D1F8E /* MoviesViewControllerBuilder.swift in Sources */ = {isa = PBXBuildFile; fileRef = 29DB046E2BAB381C009D1F8E /* MoviesViewControllerBuilder.swift */; };
		29DB04732BAB382F009D1F8E /* FavoritesCollectionViewCell.swift in Sources */ = {isa = PBXBuildFile; fileRef = 29DB04712BAB382F009D1F8E /* FavoritesCollectionViewCell.swift */; };
		29DB04772BAB3845009D1F8E /* ErrorCollectionViewCell.swift in Sources */ = {isa = PBXBuildFile; fileRef = 29DB04752BAB3845009D1F8E /* ErrorCollectionViewCell.swift */; };
		29DB047B2BAB3EE4009D1F8E /* ModelDataMovies.xcdatamodeld in Sources */ = {isa = PBXBuildFile; fileRef = 29DB04792BAB3EE4009D1F8E /* ModelDataMovies.xcdatamodeld */; };
		29DB04812BAB62FA009D1F8E /* KeyChainManager.swift in Sources */ = {isa = PBXBuildFile; fileRef = 29DB04802BAB62FA009D1F8E /* KeyChainManager.swift */; };
		29DB04872BAB651A009D1F8E /* UserManager.swift in Sources */ = {isa = PBXBuildFile; fileRef = 29DB04862BAB651A009D1F8E /* UserManager.swift */; };
/* End PBXBuildFile section */

/* Begin PBXFileReference section */
		2917C2BA2B8FEC480013D588 /* DetailsView.swift */ = {isa = PBXFileReference; lastKnownFileType = sourcecode.swift; path = DetailsView.swift; sourceTree = "<group>"; };
		2917C2BC2B8FEC660013D588 /* DetailsViewController.swift */ = {isa = PBXFileReference; lastKnownFileType = sourcecode.swift; path = DetailsViewController.swift; sourceTree = "<group>"; };
		291D73F02B9F938F002B1C8D /* MoviesViewRepresentable.swift */ = {isa = PBXFileReference; lastKnownFileType = sourcecode.swift; path = MoviesViewRepresentable.swift; sourceTree = "<group>"; };
		291D73F32B9F9A0C002B1C8D /* MoviesListAdapterProtocol.swift */ = {isa = PBXFileReference; lastKnownFileType = sourcecode.swift; path = MoviesListAdapterProtocol.swift; sourceTree = "<group>"; };
		291D73F52B9F9B3E002B1C8D /* FavoritesListAdapter.swift */ = {isa = PBXFileReference; lastKnownFileType = sourcecode.swift; path = FavoritesListAdapter.swift; sourceTree = "<group>"; };
		291D74002B9FABAE002B1C8D /* SearchMoviesAdapterProtocol.swift */ = {isa = PBXFileReference; lastKnownFileType = sourcecode.swift; path = SearchMoviesAdapterProtocol.swift; sourceTree = "<group>"; };
		291D74052B9FB2E8002B1C8D /* searchMovieByMovieName.swift */ = {isa = PBXFileReference; lastKnownFileType = sourcecode.swift; path = searchMovieByMovieName.swift; sourceTree = "<group>"; };
		291D74072B9FBBEE002B1C8D /* SearchMovieByYearAdapter.swift */ = {isa = PBXFileReference; lastKnownFileType = sourcecode.swift; path = SearchMovieByYearAdapter.swift; sourceTree = "<group>"; };
		2927DBB82B8D30A700C105A1 /* MoviesModel.swift */ = {isa = PBXFileReference; lastKnownFileType = sourcecode.swift; path = MoviesModel.swift; sourceTree = "<group>"; };
		2927DBBB2B8D316900C105A1 /* MoviesWebService.swift */ = {isa = PBXFileReference; lastKnownFileType = sourcecode.swift; path = MoviesWebService.swift; sourceTree = "<group>"; };
		2927DBC22B8E23CE00C105A1 /* MoviesListAdapter.swift */ = {isa = PBXFileReference; lastKnownFileType = sourcecode.swift; path = MoviesListAdapter.swift; sourceTree = "<group>"; };
		2940BE892BA33B4A009D7FDD /* StarsRank.swift */ = {isa = PBXFileReference; lastKnownFileType = sourcecode.swift; path = StarsRank.swift; sourceTree = "<group>"; };
		2949A8322B59FE800087FEF1 /* MoviesApp.app */ = {isa = PBXFileReference; explicitFileType = wrapper.application; includeInIndex = 0; path = MoviesApp.app; sourceTree = BUILT_PRODUCTS_DIR; };
		2949A8352B59FE800087FEF1 /* AppDelegate.swift */ = {isa = PBXFileReference; lastKnownFileType = sourcecode.swift; path = AppDelegate.swift; sourceTree = "<group>"; };
		2949A8372B59FE800087FEF1 /* SceneDelegate.swift */ = {isa = PBXFileReference; lastKnownFileType = sourcecode.swift; path = SceneDelegate.swift; sourceTree = "<group>"; };
		2949A83E2B59FE820087FEF1 /* Assets.xcassets */ = {isa = PBXFileReference; lastKnownFileType = folder.assetcatalog; path = Assets.xcassets; sourceTree = "<group>"; };
		2949A8412B59FE820087FEF1 /* Base */ = {isa = PBXFileReference; lastKnownFileType = file.storyboard; name = Base; path = Base.lproj/LaunchScreen.storyboard; sourceTree = "<group>"; };
		2949A8432B59FE820087FEF1 /* Info.plist */ = {isa = PBXFileReference; lastKnownFileType = text.plist.xml; path = Info.plist; sourceTree = "<group>"; };
		2949A8522B5AB9AA0087FEF1 /* LoginView.swift */ = {isa = PBXFileReference; lastKnownFileType = sourcecode.swift; path = LoginView.swift; sourceTree = "<group>"; };
		2949A8542B5AB9BD0087FEF1 /* LoginViewController.swift */ = {isa = PBXFileReference; lastKnownFileType = sourcecode.swift; path = LoginViewController.swift; sourceTree = "<group>"; };
		296299952BB244F9002A6804 /* Base */ = {isa = PBXFileReference; lastKnownFileType = file.xib; name = Base; path = Base.lproj/ErrorCollectionViewCell.xib; sourceTree = "<group>"; };
		296299992BB24516002A6804 /* Base */ = {isa = PBXFileReference; lastKnownFileType = file.xib; name = Base; path = Base.lproj/MoviesCollectionViewCell.xib; sourceTree = "<group>"; };
		2962999D2BB24537002A6804 /* Base */ = {isa = PBXFileReference; lastKnownFileType = file.storyboard; name = Base; path = Base.lproj/Main.storyboard; sourceTree = "<group>"; };
		296299A12BB24805002A6804 /* Base */ = {isa = PBXFileReference; lastKnownFileType = file.xib; name = Base; path = Base.lproj/FavoritesCollectionViewCell.xib; sourceTree = "<group>"; };
		296299AC2BB24A8E002A6804 /* es */ = {isa = PBXFileReference; lastKnownFileType = text.plist.strings; name = es; path = es.lproj/Localizable.strings; sourceTree = "<group>"; };
		296299AF2BB24A95002A6804 /* en */ = {isa = PBXFileReference; lastKnownFileType = text.plist.strings; name = en; path = en.lproj/Localizable.strings; sourceTree = "<group>"; };
		296299B02BB31B03002A6804 /* VideoModel.swift */ = {isa = PBXFileReference; lastKnownFileType = sourcecode.swift; path = VideoModel.swift; sourceTree = "<group>"; };
		296299B22BB471B6002A6804 /* StringsLocalizable.swift */ = {isa = PBXFileReference; lastKnownFileType = sourcecode.swift; path = StringsLocalizable.swift; sourceTree = "<group>"; };
		296384A32BAB8EC400E75CAD /* UserTest.swift */ = {isa = PBXFileReference; lastKnownFileType = sourcecode.swift; path = UserTest.swift; sourceTree = "<group>"; };
		296384A62BAC592400E75CAD /* MoviesStrategy.swift */ = {isa = PBXFileReference; lastKnownFileType = sourcecode.swift; path = MoviesStrategy.swift; sourceTree = "<group>"; };
		296384A82BAC5A5500E75CAD /* LocalMoviesStategyCD.swift */ = {isa = PBXFileReference; lastKnownFileType = sourcecode.swift; path = LocalMoviesStategyCD.swift; sourceTree = "<group>"; };
		296384AA2BAC5A8000E75CAD /* ApiMoviesStrategy.swift */ = {isa = PBXFileReference; lastKnownFileType = sourcecode.swift; path = ApiMoviesStrategy.swift; sourceTree = "<group>"; };
		296384AC2BAC6B7800E75CAD /* MoviesEntity+CoreDataClass.swift */ = {isa = PBXFileReference; lastKnownFileType = sourcecode.swift; path = "MoviesEntity+CoreDataClass.swift"; sourceTree = "<group>"; };
		296384AD2BAC6B7800E75CAD /* MoviesEntity+CoreDataProperties.swift */ = {isa = PBXFileReference; lastKnownFileType = sourcecode.swift; path = "MoviesEntity+CoreDataProperties.swift"; sourceTree = "<group>"; };
		296C072E2BA08CA2006A6348 /* TabBarNavigationController.swift */ = {isa = PBXFileReference; lastKnownFileType = sourcecode.swift; path = TabBarNavigationController.swift; sourceTree = "<group>"; };
		29841C6F2BBB323E00F96ECB /* ButtonComponent.swift */ = {isa = PBXFileReference; lastKnownFileType = sourcecode.swift; path = ButtonComponent.swift; sourceTree = "<group>"; };
		29841C712BBB5DF000F96ECB /* PosterCarouselView.swift */ = {isa = PBXFileReference; lastKnownFileType = sourcecode.swift; path = PosterCarouselView.swift; sourceTree = "<group>"; };
		299550D02B5FE82A000F1D51 /* GetStartedView.swift */ = {isa = PBXFileReference; lastKnownFileType = sourcecode.swift; path = GetStartedView.swift; sourceTree = "<group>"; };
		299550D22B5FE845000F1D51 /* GetStartedViewController.swift */ = {isa = PBXFileReference; lastKnownFileType = sourcecode.swift; path = GetStartedViewController.swift; sourceTree = "<group>"; };
		29A8BA252B6017F700238C97 /* RegisterView.swift */ = {isa = PBXFileReference; lastKnownFileType = sourcecode.swift; path = RegisterView.swift; sourceTree = "<group>"; };
		29A8BA272B60180A00238C97 /* RegisterViewController.swift */ = {isa = PBXFileReference; lastKnownFileType = sourcecode.swift; path = RegisterViewController.swift; sourceTree = "<group>"; };
		29B02D922B71652B000DA55C /* KeyboardManager(facade).swift */ = {isa = PBXFileReference; lastKnownFileType = sourcecode.swift; path = "KeyboardManager(facade).swift"; sourceTree = "<group>"; };
		29BE4C9C2BB87BE400FCE31C /* LoginManager.swift */ = {isa = PBXFileReference; lastKnownFileType = sourcecode.swift; path = LoginManager.swift; sourceTree = "<group>"; };
		29C6C02B2BA5E6F100182E32 /* LoginStrategy.swift */ = {isa = PBXFileReference; lastKnownFileType = sourcecode.swift; path = LoginStrategy.swift; sourceTree = "<group>"; };
		29C6C02D2BA5E72400182E32 /* ShortLoginStrategy.swift */ = {isa = PBXFileReference; lastKnownFileType = sourcecode.swift; path = ShortLoginStrategy.swift; sourceTree = "<group>"; };
		29C6C02F2BA5E73E00182E32 /* FullLoginStrategy.swift */ = {isa = PBXFileReference; lastKnownFileType = sourcecode.swift; path = FullLoginStrategy.swift; sourceTree = "<group>"; };
		29C6C0312BA5E7A300182E32 /* LoginAdapter.swift */ = {isa = PBXFileReference; lastKnownFileType = sourcecode.swift; path = LoginAdapter.swift; sourceTree = "<group>"; };
		29C6C0392BA614FE00182E32 /* ShortLoginViewController.swift */ = {isa = PBXFileReference; lastKnownFileType = sourcecode.swift; path = ShortLoginViewController.swift; sourceTree = "<group>"; };
		29C6C03B2BA775B600182E32 /* ImageView.swift */ = {isa = PBXFileReference; lastKnownFileType = sourcecode.swift; path = ImageView.swift; sourceTree = "<group>"; };
		29CA891E2B92663A0043AF1D /* DetailsModel.swift */ = {isa = PBXFileReference; lastKnownFileType = sourcecode.swift; path = DetailsModel.swift; sourceTree = "<group>"; };
		29DB04672BAB379D009D1F8E /* MoviesView.swift */ = {isa = PBXFileReference; fileEncoding = 4; lastKnownFileType = sourcecode.swift; name = MoviesView.swift; path = Cells/Movies/MoviesView.swift; sourceTree = "<group>"; };
		29DB04692BAB3803009D1F8E /* MoviesCollectionViewCell.swift */ = {isa = PBXFileReference; fileEncoding = 4; lastKnownFileType = sourcecode.swift; path = MoviesCollectionViewCell.swift; sourceTree = "<group>"; };
		29DB046D2BAB381C009D1F8E /* MoviesViewController.swift */ = {isa = PBXFileReference; fileEncoding = 4; lastKnownFileType = sourcecode.swift; path = MoviesViewController.swift; sourceTree = "<group>"; };
		29DB046E2BAB381C009D1F8E /* MoviesViewControllerBuilder.swift */ = {isa = PBXFileReference; fileEncoding = 4; lastKnownFileType = sourcecode.swift; path = MoviesViewControllerBuilder.swift; sourceTree = "<group>"; };
		29DB04712BAB382F009D1F8E /* FavoritesCollectionViewCell.swift */ = {isa = PBXFileReference; fileEncoding = 4; lastKnownFileType = sourcecode.swift; path = FavoritesCollectionViewCell.swift; sourceTree = "<group>"; };
		29DB04752BAB3845009D1F8E /* ErrorCollectionViewCell.swift */ = {isa = PBXFileReference; fileEncoding = 4; lastKnownFileType = sourcecode.swift; path = ErrorCollectionViewCell.swift; sourceTree = "<group>"; };
		29DB047A2BAB3EE4009D1F8E /* ModelDataMovies.xcdatamodel */ = {isa = PBXFileReference; lastKnownFileType = wrapper.xcdatamodel; path = ModelDataMovies.xcdatamodel; sourceTree = "<group>"; };
		29DB04802BAB62FA009D1F8E /* KeyChainManager.swift */ = {isa = PBXFileReference; lastKnownFileType = sourcecode.swift; path = KeyChainManager.swift; sourceTree = "<group>"; };
		29DB04862BAB651A009D1F8E /* UserManager.swift */ = {isa = PBXFileReference; lastKnownFileType = sourcecode.swift; path = UserManager.swift; sourceTree = "<group>"; };
/* End PBXFileReference section */

/* Begin PBXFrameworksBuildPhase section */
		2949A82F2B59FE800087FEF1 /* Frameworks */ = {
			isa = PBXFrameworksBuildPhase;
			buildActionMask = 2147483647;
			files = (
				2927DBB62B8D2B7800C105A1 /* Alamofire in Frameworks */,
			);
			runOnlyForDeploymentPostprocessing = 0;
		};
/* End PBXFrameworksBuildPhase section */

/* Begin PBXGroup section */
		291548FE2B9F75B600996B2C /* Navigations */ = {
			isa = PBXGroup;
			children = (
				296C072E2BA08CA2006A6348 /* TabBarNavigationController.swift */,
			);
			path = Navigations;
			sourceTree = "<group>";
		};
		2917C2B92B8FEC300013D588 /* Details */ = {
			isa = PBXGroup;
			children = (
				2917C2BA2B8FEC480013D588 /* DetailsView.swift */,
				2917C2BC2B8FEC660013D588 /* DetailsViewController.swift */,
			);
			path = Details;
			sourceTree = "<group>";
		};
		291D73EF2B9F936D002B1C8D /* Representable */ = {
			isa = PBXGroup;
			children = (
				291D73F02B9F938F002B1C8D /* MoviesViewRepresentable.swift */,
			);
			path = Representable;
			sourceTree = "<group>";
		};
		291D73F22B9F9828002B1C8D /* Adapters */ = {
			isa = PBXGroup;
			children = (
				291D74042B9FAC74002B1C8D /* MoviesAdapters */,
				291D74032B9FAC64002B1C8D /* SearchAdapter */,
			);
			path = Adapters;
			sourceTree = "<group>";
		};
		291D73F92B9F9EFF002B1C8D /* Cells */ = {
			isa = PBXGroup;
			children = (
				291D74092BA06FB9002B1C8D /* ErrorCell */,
				291D73FB2B9F9F34002B1C8D /* Movies */,
				291D73FA2B9F9F1F002B1C8D /* Favorites */,
			);
			path = Cells;
			sourceTree = "<group>";
		};
		291D73FA2B9F9F1F002B1C8D /* Favorites */ = {
			isa = PBXGroup;
			children = (
				29DB04712BAB382F009D1F8E /* FavoritesCollectionViewCell.swift */,
				296299A22BB24805002A6804 /* FavoritesCollectionViewCell.xib */,
			);
			path = Favorites;
			sourceTree = "<group>";
		};
		291D73FB2B9F9F34002B1C8D /* Movies */ = {
			isa = PBXGroup;
			children = (
				29DB04692BAB3803009D1F8E /* MoviesCollectionViewCell.swift */,
				2962999A2BB24516002A6804 /* MoviesCollectionViewCell.xib */,
			);
			path = Movies;
			sourceTree = "<group>";
		};
		291D74032B9FAC64002B1C8D /* SearchAdapter */ = {
			isa = PBXGroup;
			children = (
				291D74002B9FABAE002B1C8D /* SearchMoviesAdapterProtocol.swift */,
				291D74052B9FB2E8002B1C8D /* searchMovieByMovieName.swift */,
				291D74072B9FBBEE002B1C8D /* SearchMovieByYearAdapter.swift */,
			);
			path = SearchAdapter;
			sourceTree = "<group>";
		};
		291D74042B9FAC74002B1C8D /* MoviesAdapters */ = {
			isa = PBXGroup;
			children = (
				291D73F32B9F9A0C002B1C8D /* MoviesListAdapterProtocol.swift */,
				2927DBC22B8E23CE00C105A1 /* MoviesListAdapter.swift */,
				291D73F52B9F9B3E002B1C8D /* FavoritesListAdapter.swift */,
			);
			path = MoviesAdapters;
			sourceTree = "<group>";
		};
		291D74092BA06FB9002B1C8D /* ErrorCell */ = {
			isa = PBXGroup;
			children = (
				29DB04752BAB3845009D1F8E /* ErrorCollectionViewCell.swift */,
				296299962BB244F9002A6804 /* ErrorCollectionViewCell.xib */,
			);
			path = ErrorCell;
			sourceTree = "<group>";
		};
		2927DBAF2B8D204000C105A1 /* Movies */ = {
			isa = PBXGroup;
			children = (
				296384A52BAC590700E75CAD /* MoviesStrategy */,
				291D73F92B9F9EFF002B1C8D /* Cells */,
				29DB04672BAB379D009D1F8E /* MoviesView.swift */,
				29DB046D2BAB381C009D1F8E /* MoviesViewController.swift */,
				29DB046E2BAB381C009D1F8E /* MoviesViewControllerBuilder.swift */,
			);
			path = Movies;
			sourceTree = "<group>";
		};
		2927DBB72B8D2FA600C105A1 /* Model */ = {
			isa = PBXGroup;
			children = (
				2927DBB82B8D30A700C105A1 /* MoviesModel.swift */,
				29CA891E2B92663A0043AF1D /* DetailsModel.swift */,
				296299B02BB31B03002A6804 /* VideoModel.swift */,
			);
			path = Model;
			sourceTree = "<group>";
		};
		2927DBBA2B8D30DB00C105A1 /* MoviesWebService */ = {
			isa = PBXGroup;
			children = (
				2927DBBB2B8D316900C105A1 /* MoviesWebService.swift */,
			);
			path = MoviesWebService;
			sourceTree = "<group>";
		};
		2940BE882BA33A16009D7FDD /* Others */ = {
			isa = PBXGroup;
			children = (
				2940BE892BA33B4A009D7FDD /* StarsRank.swift */,
				29C6C03B2BA775B600182E32 /* ImageView.swift */,
				29DB04802BAB62FA009D1F8E /* KeyChainManager.swift */,
				29DB04862BAB651A009D1F8E /* UserManager.swift */,
				296384A32BAB8EC400E75CAD /* UserTest.swift */,
				296299B22BB471B6002A6804 /* StringsLocalizable.swift */,
				29BE4C9C2BB87BE400FCE31C /* LoginManager.swift */,
			);
			path = Others;
			sourceTree = "<group>";
		};
		2949A8292B59FE800087FEF1 = {
			isa = PBXGroup;
			children = (
				2949A8342B59FE800087FEF1 /* MoviesApp */,
				2949A8332B59FE800087FEF1 /* Products */,
			);
			sourceTree = "<group>";
		};
		2949A8332B59FE800087FEF1 /* Products */ = {
			isa = PBXGroup;
			children = (
				2949A8322B59FE800087FEF1 /* MoviesApp.app */,
			);
			name = Products;
			sourceTree = "<group>";
		};
		2949A8342B59FE800087FEF1 /* MoviesApp */ = {
			isa = PBXGroup;
			children = (
				29841C6E2BBB322600F96ECB /* Components */,
				2940BE882BA33A16009D7FDD /* Others */,
				291D73F22B9F9828002B1C8D /* Adapters */,
				291D73EF2B9F936D002B1C8D /* Representable */,
				291548FE2B9F75B600996B2C /* Navigations */,
				2917C2B92B8FEC300013D588 /* Details */,
				299550CF2B5FE80A000F1D51 /* Started */,
				2949A8512B5AB9040087FEF1 /* Login */,
				29A8BA242B6017E100238C97 /* Register */,
				2927DBB72B8D2FA600C105A1 /* Model */,
				2927DBAF2B8D204000C105A1 /* Movies */,
				2927DBBA2B8D30DB00C105A1 /* MoviesWebService */,
				296384B02BAC965F00E75CAD /* SubClasesCoreData */,
				296299AD2BB24A8E002A6804 /* Localizable.strings */,
				29B02D922B71652B000DA55C /* KeyboardManager(facade).swift */,
				2949A8352B59FE800087FEF1 /* AppDelegate.swift */,
				2949A8372B59FE800087FEF1 /* SceneDelegate.swift */,
				2962999E2BB24537002A6804 /* Main.storyboard */,
				2949A83E2B59FE820087FEF1 /* Assets.xcassets */,
				2949A8402B59FE820087FEF1 /* LaunchScreen.storyboard */,
				2949A8432B59FE820087FEF1 /* Info.plist */,
				29DB04792BAB3EE4009D1F8E /* ModelDataMovies.xcdatamodeld */,
			);
			path = MoviesApp;
			sourceTree = "<group>";
		};
		2949A8512B5AB9040087FEF1 /* Login */ = {
			isa = PBXGroup;
			children = (
				29C6C02A2BA5E6A500182E32 /* Strategy */,
				29C6C0292BA5E69800182E32 /* Adapter */,
				2949A8522B5AB9AA0087FEF1 /* LoginView.swift */,
				2949A8542B5AB9BD0087FEF1 /* LoginViewController.swift */,
				29C6C0392BA614FE00182E32 /* ShortLoginViewController.swift */,
			);
			path = Login;
			sourceTree = "<group>";
		};
		296384A52BAC590700E75CAD /* MoviesStrategy */ = {
			isa = PBXGroup;
			children = (
				296384A62BAC592400E75CAD /* MoviesStrategy.swift */,
				296384A82BAC5A5500E75CAD /* LocalMoviesStategyCD.swift */,
				296384AA2BAC5A8000E75CAD /* ApiMoviesStrategy.swift */,
			);
			path = MoviesStrategy;
			sourceTree = "<group>";
		};
		296384B02BAC965F00E75CAD /* SubClasesCoreData */ = {
			isa = PBXGroup;
			children = (
				296384AD2BAC6B7800E75CAD /* MoviesEntity+CoreDataProperties.swift */,
				296384AC2BAC6B7800E75CAD /* MoviesEntity+CoreDataClass.swift */,
			);
			path = SubClasesCoreData;
			sourceTree = "<group>";
		};
		29841C6E2BBB322600F96ECB /* Components */ = {
			isa = PBXGroup;
			children = (
				29841C6F2BBB323E00F96ECB /* ButtonComponent.swift */,
				29841C712BBB5DF000F96ECB /* PosterCarouselView.swift */,
			);
			path = Components;
			sourceTree = "<group>";
		};
		299550CF2B5FE80A000F1D51 /* Started */ = {
			isa = PBXGroup;
			children = (
				299550D02B5FE82A000F1D51 /* GetStartedView.swift */,
				299550D22B5FE845000F1D51 /* GetStartedViewController.swift */,
			);
			path = Started;
			sourceTree = "<group>";
		};
		29A8BA242B6017E100238C97 /* Register */ = {
			isa = PBXGroup;
			children = (
				29A8BA252B6017F700238C97 /* RegisterView.swift */,
				29A8BA272B60180A00238C97 /* RegisterViewController.swift */,
			);
			path = Register;
			sourceTree = "<group>";
		};
		29C6C0292BA5E69800182E32 /* Adapter */ = {
			isa = PBXGroup;
			children = (
				29C6C0312BA5E7A300182E32 /* LoginAdapter.swift */,
			);
			path = Adapter;
			sourceTree = "<group>";
		};
		29C6C02A2BA5E6A500182E32 /* Strategy */ = {
			isa = PBXGroup;
			children = (
				29C6C02B2BA5E6F100182E32 /* LoginStrategy.swift */,
				29C6C02D2BA5E72400182E32 /* ShortLoginStrategy.swift */,
				29C6C02F2BA5E73E00182E32 /* FullLoginStrategy.swift */,
			);
			path = Strategy;
			sourceTree = "<group>";
		};
/* End PBXGroup section */

/* Begin PBXNativeTarget section */
		2949A8312B59FE800087FEF1 /* MoviesApp */ = {
			isa = PBXNativeTarget;
			buildConfigurationList = 2949A8462B59FE820087FEF1 /* Build configuration list for PBXNativeTarget "MoviesApp" */;
			buildPhases = (
				2949A82E2B59FE800087FEF1 /* Sources */,
				2949A82F2B59FE800087FEF1 /* Frameworks */,
				2949A8302B59FE800087FEF1 /* Resources */,
			);
			buildRules = (
			);
			dependencies = (
			);
			name = MoviesApp;
			packageProductDependencies = (
				2927DBB52B8D2B7800C105A1 /* Alamofire */,
			);
			productName = MoviesApp;
			productReference = 2949A8322B59FE800087FEF1 /* MoviesApp.app */;
			productType = "com.apple.product-type.application";
		};
/* End PBXNativeTarget section */

/* Begin PBXProject section */
		2949A82A2B59FE800087FEF1 /* Project object */ = {
			isa = PBXProject;
			attributes = {
				BuildIndependentTargetsInParallel = 1;
				LastSwiftUpdateCheck = 1520;
				LastUpgradeCheck = 1520;
				TargetAttributes = {
					2949A8312B59FE800087FEF1 = {
						CreatedOnToolsVersion = 15.2;
					};
				};
			};
			buildConfigurationList = 2949A82D2B59FE800087FEF1 /* Build configuration list for PBXProject "MoviesApp" */;
			compatibilityVersion = "Xcode 14.0";
			developmentRegion = en;
			hasScannedForEncodings = 0;
			knownRegions = (
				en,
				Base,
				es,
			);
			mainGroup = 2949A8292B59FE800087FEF1;
			packageReferences = (
				2927DBB42B8D2B7800C105A1 /* XCRemoteSwiftPackageReference "Alamofire" */,
			);
			productRefGroup = 2949A8332B59FE800087FEF1 /* Products */;
			projectDirPath = "";
			projectRoot = "";
			targets = (
				2949A8312B59FE800087FEF1 /* MoviesApp */,
			);
		};
/* End PBXProject section */

/* Begin PBXResourcesBuildPhase section */
		2949A8302B59FE800087FEF1 /* Resources */ = {
			isa = PBXResourcesBuildPhase;
			buildActionMask = 2147483647;
			files = (
				2949A8422B59FE820087FEF1 /* LaunchScreen.storyboard in Resources */,
				2962999B2BB24516002A6804 /* MoviesCollectionViewCell.xib in Resources */,
				296299972BB244F9002A6804 /* ErrorCollectionViewCell.xib in Resources */,
				296299AE2BB24A8E002A6804 /* Localizable.strings in Resources */,
				2949A83F2B59FE820087FEF1 /* Assets.xcassets in Resources */,
				2962999F2BB24537002A6804 /* Main.storyboard in Resources */,
				296299A32BB24805002A6804 /* FavoritesCollectionViewCell.xib in Resources */,
			);
			runOnlyForDeploymentPostprocessing = 0;
		};
/* End PBXResourcesBuildPhase section */

/* Begin PBXSourcesBuildPhase section */
		2949A82E2B59FE800087FEF1 /* Sources */ = {
			isa = PBXSourcesBuildPhase;
			buildActionMask = 2147483647;
			files = (
				29C6C02E2BA5E72400182E32 /* ShortLoginStrategy.swift in Sources */,
				29DB047B2BAB3EE4009D1F8E /* ModelDataMovies.xcdatamodeld in Sources */,
				29CA891F2B92663A0043AF1D /* DetailsModel.swift in Sources */,
				29C6C0322BA5E7A300182E32 /* LoginAdapter.swift in Sources */,
				296384AE2BAC6B7800E75CAD /* MoviesEntity+CoreDataClass.swift in Sources */,
				296299B12BB31B03002A6804 /* VideoModel.swift in Sources */,
				29841C722BBB5DF000F96ECB /* PosterCarouselView.swift in Sources */,
				296384AF2BAC6B7800E75CAD /* MoviesEntity+CoreDataProperties.swift in Sources */,
				29A8BA282B60180A00238C97 /* RegisterViewController.swift in Sources */,
				2927DBC32B8E23CE00C105A1 /* MoviesListAdapter.swift in Sources */,
				291D74062B9FB2E8002B1C8D /* searchMovieByMovieName.swift in Sources */,
				29DB04812BAB62FA009D1F8E /* KeyChainManager.swift in Sources */,
				296C072F2BA08CA2006A6348 /* TabBarNavigationController.swift in Sources */,
				291D73F62B9F9B3E002B1C8D /* FavoritesListAdapter.swift in Sources */,
				296384AB2BAC5A8000E75CAD /* ApiMoviesStrategy.swift in Sources */,
				299550D32B5FE845000F1D51 /* GetStartedViewController.swift in Sources */,
				296299B32BB471B6002A6804 /* StringsLocalizable.swift in Sources */,
				2949A8552B5AB9BD0087FEF1 /* LoginViewController.swift in Sources */,
				29BE4C9D2BB87BE400FCE31C /* LoginManager.swift in Sources */,
				2949A8532B5AB9AA0087FEF1 /* LoginView.swift in Sources */,
				291D73F12B9F938F002B1C8D /* MoviesViewRepresentable.swift in Sources */,
				29B02D932B71652B000DA55C /* KeyboardManager(facade).swift in Sources */,
				29DB04772BAB3845009D1F8E /* ErrorCollectionViewCell.swift in Sources */,
				29DB04732BAB382F009D1F8E /* FavoritesCollectionViewCell.swift in Sources */,
				29DB04682BAB379D009D1F8E /* MoviesView.swift in Sources */,
				29C6C0302BA5E73E00182E32 /* FullLoginStrategy.swift in Sources */,
				29C6C03C2BA775B600182E32 /* ImageView.swift in Sources */,
				291D74082B9FBBEE002B1C8D /* SearchMovieByYearAdapter.swift in Sources */,
				29DB04702BAB381D009D1F8E /* MoviesViewControllerBuilder.swift in Sources */,
				2940BE8A2BA33B4A009D7FDD /* StarsRank.swift in Sources */,
				29DB046F2BAB381D009D1F8E /* MoviesViewController.swift in Sources */,
				2949A8362B59FE800087FEF1 /* AppDelegate.swift in Sources */,
				29841C702BBB323E00F96ECB /* ButtonComponent.swift in Sources */,
				29C6C03A2BA614FE00182E32 /* ShortLoginViewController.swift in Sources */,
				29DB04872BAB651A009D1F8E /* UserManager.swift in Sources */,
				2917C2BD2B8FEC660013D588 /* DetailsViewController.swift in Sources */,
				296384A42BAB8EC400E75CAD /* UserTest.swift in Sources */,
				291D74012B9FABAE002B1C8D /* SearchMoviesAdapterProtocol.swift in Sources */,
				29DB046B2BAB3803009D1F8E /* MoviesCollectionViewCell.swift in Sources */,
				2927DBB92B8D30A700C105A1 /* MoviesModel.swift in Sources */,
				29A8BA262B6017F700238C97 /* RegisterView.swift in Sources */,
				29C6C02C2BA5E6F100182E32 /* LoginStrategy.swift in Sources */,
				296384A92BAC5A5500E75CAD /* LocalMoviesStategyCD.swift in Sources */,
				2949A8382B59FE800087FEF1 /* SceneDelegate.swift in Sources */,
				296384A72BAC592400E75CAD /* MoviesStrategy.swift in Sources */,
				2917C2BB2B8FEC480013D588 /* DetailsView.swift in Sources */,
				299550D12B5FE82A000F1D51 /* GetStartedView.swift in Sources */,
				2927DBBC2B8D316900C105A1 /* MoviesWebService.swift in Sources */,
				291D73F42B9F9A0C002B1C8D /* MoviesListAdapterProtocol.swift in Sources */,
			);
			runOnlyForDeploymentPostprocessing = 0;
		};
/* End PBXSourcesBuildPhase section */

/* Begin PBXVariantGroup section */
		2949A8402B59FE820087FEF1 /* LaunchScreen.storyboard */ = {
			isa = PBXVariantGroup;
			children = (
				2949A8412B59FE820087FEF1 /* Base */,
			);
			name = LaunchScreen.storyboard;
			sourceTree = "<group>";
		};
		296299962BB244F9002A6804 /* ErrorCollectionViewCell.xib */ = {
			isa = PBXVariantGroup;
			children = (
				296299952BB244F9002A6804 /* Base */,
			);
			name = ErrorCollectionViewCell.xib;
			sourceTree = "<group>";
		};
		2962999A2BB24516002A6804 /* MoviesCollectionViewCell.xib */ = {
			isa = PBXVariantGroup;
			children = (
				296299992BB24516002A6804 /* Base */,
			);
			name = MoviesCollectionViewCell.xib;
			sourceTree = "<group>";
		};
		2962999E2BB24537002A6804 /* Main.storyboard */ = {
			isa = PBXVariantGroup;
			children = (
				2962999D2BB24537002A6804 /* Base */,
			);
			name = Main.storyboard;
			sourceTree = "<group>";
		};
		296299A22BB24805002A6804 /* FavoritesCollectionViewCell.xib */ = {
			isa = PBXVariantGroup;
			children = (
				296299A12BB24805002A6804 /* Base */,
			);
			name = FavoritesCollectionViewCell.xib;
			sourceTree = "<group>";
		};
		296299AD2BB24A8E002A6804 /* Localizable.strings */ = {
			isa = PBXVariantGroup;
			children = (
				296299AC2BB24A8E002A6804 /* es */,
				296299AF2BB24A95002A6804 /* en */,
			);
			name = Localizable.strings;
			sourceTree = "<group>";
		};
/* End PBXVariantGroup section */

/* Begin XCBuildConfiguration section */
		2949A8442B59FE820087FEF1 /* Debug */ = {
			isa = XCBuildConfiguration;
			buildSettings = {
				ALWAYS_SEARCH_USER_PATHS = NO;
				ASSETCATALOG_COMPILER_GENERATE_SWIFT_ASSET_SYMBOL_EXTENSIONS = YES;
				CLANG_ANALYZER_LOCALIZABILITY_NONLOCALIZED = YES;
				CLANG_ANALYZER_NONNULL = YES;
				CLANG_ANALYZER_NUMBER_OBJECT_CONVERSION = YES_AGGRESSIVE;
				CLANG_CXX_LANGUAGE_STANDARD = "gnu++20";
				CLANG_ENABLE_MODULES = YES;
				CLANG_ENABLE_OBJC_ARC = YES;
				CLANG_ENABLE_OBJC_WEAK = YES;
				CLANG_WARN_BLOCK_CAPTURE_AUTORELEASING = YES;
				CLANG_WARN_BOOL_CONVERSION = YES;
				CLANG_WARN_COMMA = YES;
				CLANG_WARN_CONSTANT_CONVERSION = YES;
				CLANG_WARN_DEPRECATED_OBJC_IMPLEMENTATIONS = YES;
				CLANG_WARN_DIRECT_OBJC_ISA_USAGE = YES_ERROR;
				CLANG_WARN_DOCUMENTATION_COMMENTS = YES;
				CLANG_WARN_EMPTY_BODY = YES;
				CLANG_WARN_ENUM_CONVERSION = YES;
				CLANG_WARN_INFINITE_RECURSION = YES;
				CLANG_WARN_INT_CONVERSION = YES;
				CLANG_WARN_NON_LITERAL_NULL_CONVERSION = YES;
				CLANG_WARN_OBJC_IMPLICIT_RETAIN_SELF = YES;
				CLANG_WARN_OBJC_LITERAL_CONVERSION = YES;
				CLANG_WARN_OBJC_ROOT_CLASS = YES_ERROR;
				CLANG_WARN_QUOTED_INCLUDE_IN_FRAMEWORK_HEADER = YES;
				CLANG_WARN_RANGE_LOOP_ANALYSIS = YES;
				CLANG_WARN_STRICT_PROTOTYPES = YES;
				CLANG_WARN_SUSPICIOUS_MOVE = YES;
				CLANG_WARN_UNGUARDED_AVAILABILITY = YES_AGGRESSIVE;
				CLANG_WARN_UNREACHABLE_CODE = YES;
				CLANG_WARN__DUPLICATE_METHOD_MATCH = YES;
				COPY_PHASE_STRIP = NO;
				DEBUG_INFORMATION_FORMAT = dwarf;
				ENABLE_STRICT_OBJC_MSGSEND = YES;
				ENABLE_TESTABILITY = YES;
				ENABLE_USER_SCRIPT_SANDBOXING = YES;
				GCC_C_LANGUAGE_STANDARD = gnu17;
				GCC_DYNAMIC_NO_PIC = NO;
				GCC_NO_COMMON_BLOCKS = YES;
				GCC_OPTIMIZATION_LEVEL = 0;
				GCC_PREPROCESSOR_DEFINITIONS = (
					"DEBUG=1",
					"$(inherited)",
				);
				GCC_WARN_64_TO_32_BIT_CONVERSION = YES;
				GCC_WARN_ABOUT_RETURN_TYPE = YES_ERROR;
				GCC_WARN_UNDECLARED_SELECTOR = YES;
				GCC_WARN_UNINITIALIZED_AUTOS = YES_AGGRESSIVE;
				GCC_WARN_UNUSED_FUNCTION = YES;
				GCC_WARN_UNUSED_VARIABLE = YES;
				IPHONEOS_DEPLOYMENT_TARGET = 17.2;
				LOCALIZATION_PREFERS_STRING_CATALOGS = YES;
				MTL_ENABLE_DEBUG_INFO = INCLUDE_SOURCE;
				MTL_FAST_MATH = YES;
				ONLY_ACTIVE_ARCH = YES;
				SDKROOT = iphoneos;
				SWIFT_ACTIVE_COMPILATION_CONDITIONS = "DEBUG $(inherited)";
				SWIFT_OPTIMIZATION_LEVEL = "-Onone";
			};
			name = Debug;
		};
		2949A8452B59FE820087FEF1 /* Release */ = {
			isa = XCBuildConfiguration;
			buildSettings = {
				ALWAYS_SEARCH_USER_PATHS = NO;
				ASSETCATALOG_COMPILER_GENERATE_SWIFT_ASSET_SYMBOL_EXTENSIONS = YES;
				CLANG_ANALYZER_LOCALIZABILITY_NONLOCALIZED = YES;
				CLANG_ANALYZER_NONNULL = YES;
				CLANG_ANALYZER_NUMBER_OBJECT_CONVERSION = YES_AGGRESSIVE;
				CLANG_CXX_LANGUAGE_STANDARD = "gnu++20";
				CLANG_ENABLE_MODULES = YES;
				CLANG_ENABLE_OBJC_ARC = YES;
				CLANG_ENABLE_OBJC_WEAK = YES;
				CLANG_WARN_BLOCK_CAPTURE_AUTORELEASING = YES;
				CLANG_WARN_BOOL_CONVERSION = YES;
				CLANG_WARN_COMMA = YES;
				CLANG_WARN_CONSTANT_CONVERSION = YES;
				CLANG_WARN_DEPRECATED_OBJC_IMPLEMENTATIONS = YES;
				CLANG_WARN_DIRECT_OBJC_ISA_USAGE = YES_ERROR;
				CLANG_WARN_DOCUMENTATION_COMMENTS = YES;
				CLANG_WARN_EMPTY_BODY = YES;
				CLANG_WARN_ENUM_CONVERSION = YES;
				CLANG_WARN_INFINITE_RECURSION = YES;
				CLANG_WARN_INT_CONVERSION = YES;
				CLANG_WARN_NON_LITERAL_NULL_CONVERSION = YES;
				CLANG_WARN_OBJC_IMPLICIT_RETAIN_SELF = YES;
				CLANG_WARN_OBJC_LITERAL_CONVERSION = YES;
				CLANG_WARN_OBJC_ROOT_CLASS = YES_ERROR;
				CLANG_WARN_QUOTED_INCLUDE_IN_FRAMEWORK_HEADER = YES;
				CLANG_WARN_RANGE_LOOP_ANALYSIS = YES;
				CLANG_WARN_STRICT_PROTOTYPES = YES;
				CLANG_WARN_SUSPICIOUS_MOVE = YES;
				CLANG_WARN_UNGUARDED_AVAILABILITY = YES_AGGRESSIVE;
				CLANG_WARN_UNREACHABLE_CODE = YES;
				CLANG_WARN__DUPLICATE_METHOD_MATCH = YES;
				COPY_PHASE_STRIP = NO;
				DEBUG_INFORMATION_FORMAT = "dwarf-with-dsym";
				ENABLE_NS_ASSERTIONS = NO;
				ENABLE_STRICT_OBJC_MSGSEND = YES;
				ENABLE_USER_SCRIPT_SANDBOXING = YES;
				GCC_C_LANGUAGE_STANDARD = gnu17;
				GCC_NO_COMMON_BLOCKS = YES;
				GCC_WARN_64_TO_32_BIT_CONVERSION = YES;
				GCC_WARN_ABOUT_RETURN_TYPE = YES_ERROR;
				GCC_WARN_UNDECLARED_SELECTOR = YES;
				GCC_WARN_UNINITIALIZED_AUTOS = YES_AGGRESSIVE;
				GCC_WARN_UNUSED_FUNCTION = YES;
				GCC_WARN_UNUSED_VARIABLE = YES;
				IPHONEOS_DEPLOYMENT_TARGET = 17.2;
				LOCALIZATION_PREFERS_STRING_CATALOGS = YES;
				MTL_ENABLE_DEBUG_INFO = NO;
				MTL_FAST_MATH = YES;
				SDKROOT = iphoneos;
				SWIFT_COMPILATION_MODE = wholemodule;
				VALIDATE_PRODUCT = YES;
			};
			name = Release;
		};
		2949A8472B59FE820087FEF1 /* Debug */ = {
			isa = XCBuildConfiguration;
			buildSettings = {
				ASSETCATALOG_COMPILER_APPICON_NAME = AppIcon;
				ASSETCATALOG_COMPILER_GLOBAL_ACCENT_COLOR_NAME = AccentColor;
				ASSETCATALOG_COMPILER_INCLUDE_ALL_APPICON_ASSETS = NO;
				CODE_SIGN_STYLE = Automatic;
				CURRENT_PROJECT_VERSION = 1;
				DEVELOPMENT_TEAM = 39W9F7Z53R;
				GENERATE_INFOPLIST_FILE = YES;
				INFOPLIST_FILE = MoviesApp/Info.plist;
				INFOPLIST_KEY_UIApplicationSupportsIndirectInputEvents = YES;
				INFOPLIST_KEY_UILaunchStoryboardName = LaunchScreen.storyboard;
				INFOPLIST_KEY_UIMainStoryboardFile = Main;
				INFOPLIST_KEY_UISupportedInterfaceOrientations_iPad = "UIInterfaceOrientationPortrait UIInterfaceOrientationPortraitUpsideDown UIInterfaceOrientationLandscapeLeft UIInterfaceOrientationLandscapeRight";
				INFOPLIST_KEY_UISupportedInterfaceOrientations_iPhone = "UIInterfaceOrientationPortrait UIInterfaceOrientationLandscapeLeft UIInterfaceOrientationLandscapeRight";
				IPHONEOS_DEPLOYMENT_TARGET = 17.2;
				LD_RUNPATH_SEARCH_PATHS = (
					"$(inherited)",
					"@executable_path/Frameworks",
				);
				MARKETING_VERSION = 1.0;
				PRODUCT_BUNDLE_IDENTIFIER = com.clase.MoviesApp;
				PRODUCT_NAME = "$(TARGET_NAME)";
				SWIFT_EMIT_LOC_STRINGS = YES;
				SWIFT_VERSION = 5.0;
				TARGETED_DEVICE_FAMILY = "1,2";
			};
			name = Debug;
		};
		2949A8482B59FE820087FEF1 /* Release */ = {
			isa = XCBuildConfiguration;
			buildSettings = {
				ASSETCATALOG_COMPILER_APPICON_NAME = AppIcon;
				ASSETCATALOG_COMPILER_GLOBAL_ACCENT_COLOR_NAME = AccentColor;
				ASSETCATALOG_COMPILER_INCLUDE_ALL_APPICON_ASSETS = NO;
				CODE_SIGN_STYLE = Automatic;
				CURRENT_PROJECT_VERSION = 1;
				DEVELOPMENT_TEAM = 39W9F7Z53R;
				GENERATE_INFOPLIST_FILE = YES;
				INFOPLIST_FILE = MoviesApp/Info.plist;
				INFOPLIST_KEY_UIApplicationSupportsIndirectInputEvents = YES;
				INFOPLIST_KEY_UILaunchStoryboardName = LaunchScreen.storyboard;
				INFOPLIST_KEY_UIMainStoryboardFile = Main;
				INFOPLIST_KEY_UISupportedInterfaceOrientations_iPad = "UIInterfaceOrientationPortrait UIInterfaceOrientationPortraitUpsideDown UIInterfaceOrientationLandscapeLeft UIInterfaceOrientationLandscapeRight";
				INFOPLIST_KEY_UISupportedInterfaceOrientations_iPhone = "UIInterfaceOrientationPortrait UIInterfaceOrientationLandscapeLeft UIInterfaceOrientationLandscapeRight";
				IPHONEOS_DEPLOYMENT_TARGET = 17.2;
				LD_RUNPATH_SEARCH_PATHS = (
					"$(inherited)",
					"@executable_path/Frameworks",
				);
				MARKETING_VERSION = 1.0;
				PRODUCT_BUNDLE_IDENTIFIER = com.clase.MoviesApp;
				PRODUCT_NAME = "$(TARGET_NAME)";
				SWIFT_EMIT_LOC_STRINGS = YES;
				SWIFT_VERSION = 5.0;
				TARGETED_DEVICE_FAMILY = "1,2";
			};
			name = Release;
		};
/* End XCBuildConfiguration section */

/* Begin XCConfigurationList section */
		2949A82D2B59FE800087FEF1 /* Build configuration list for PBXProject "MoviesApp" */ = {
			isa = XCConfigurationList;
			buildConfigurations = (
				2949A8442B59FE820087FEF1 /* Debug */,
				2949A8452B59FE820087FEF1 /* Release */,
			);
			defaultConfigurationIsVisible = 0;
			defaultConfigurationName = Release;
		};
		2949A8462B59FE820087FEF1 /* Build configuration list for PBXNativeTarget "MoviesApp" */ = {
			isa = XCConfigurationList;
			buildConfigurations = (
				2949A8472B59FE820087FEF1 /* Debug */,
				2949A8482B59FE820087FEF1 /* Release */,
			);
			defaultConfigurationIsVisible = 0;
			defaultConfigurationName = Release;
		};
/* End XCConfigurationList section */

/* Begin XCRemoteSwiftPackageReference section */
		2927DBB42B8D2B7800C105A1 /* XCRemoteSwiftPackageReference "Alamofire" */ = {
			isa = XCRemoteSwiftPackageReference;
			repositoryURL = "https://github.com/Alamofire/Alamofire";
			requirement = {
				kind = upToNextMajorVersion;
				minimumVersion = 5.8.1;
			};
		};
/* End XCRemoteSwiftPackageReference section */

/* Begin XCSwiftPackageProductDependency section */
		2927DBB52B8D2B7800C105A1 /* Alamofire */ = {
			isa = XCSwiftPackageProductDependency;
			package = 2927DBB42B8D2B7800C105A1 /* XCRemoteSwiftPackageReference "Alamofire" */;
			productName = Alamofire;
		};
/* End XCSwiftPackageProductDependency section */

/* Begin XCVersionGroup section */
		29DB04792BAB3EE4009D1F8E /* ModelDataMovies.xcdatamodeld */ = {
			isa = XCVersionGroup;
			children = (
				29DB047A2BAB3EE4009D1F8E /* ModelDataMovies.xcdatamodel */,
			);
			currentVersion = 29DB047A2BAB3EE4009D1F8E /* ModelDataMovies.xcdatamodel */;
			name = ModelDataMovies.xcdatamodeld;
			path = /Users/gustavo.cardona/Desktop/iOS/MoviesApp2/MoviesApp/ModelDataMovies.xcdatamodeld;
			sourceTree = "<group>";
			versionGroupType = wrapper.xcdatamodel;
		};
/* End XCVersionGroup section */
	};
	rootObject = 2949A82A2B59FE800087FEF1 /* Project object */;
}
